php:8.1-cli sha256:76e563191d1ade120313a8736df24154d21da5155c0756f147c0b01bd19d9087
php:8.1-zts sha256:113088c9c240ccfb16c45834cb1df50b2bc6f414638cd16a72ab7a5b03681329
php:8.1-cli-alpine sha256:7949370448b0b4d9787776dc5968e0fd8d48763292344b5fbf21539441228a98
php:8.1-zts-alpine sha256:f36160602456091e5a8f656a2f5c8e68435c36284856fa4116a46e00f38dc04b
php:8.2-cli sha256:118ef4fb1db5e866fb604f2f260da81f819a0a1eac87a4083f9194f48e00beee
php:8.2-zts sha256:1e8d8c8bce6dbba31182667bf1503277216895bb89a49d38660299b31cbe96ac
php:8.2-cli-alpine sha256:0814a91662f32e59ba3092a443ebb4b9915f3320b1b4688650dfc38939c6ff59
php:8.2-zts-alpine sha256:0d7c08a1699e0c356a87a038473567b2eac41e0088d13619f46aa0a3a8213eef
php:8.3-cli sha256:aafe21201943a8a6e497ddfb471e2ce68ada76adede38c7d61fede8918b24319
php:8.3-zts sha256:4f3147519f9a018fcaec361c8919fa5efba3003c75314965609b805fffca7ab6
php:8.3-cli-alpine sha256:8dbeb51c352cf1f70d5d50f3642c9fbed311e914475ea2382f5bc1525bef7bb3
php:8.3-zts-alpine sha256:51b48f507d20611feedf88bb901ea8b26d98718d82a2bd5cf8cb472f302f54d4
php:8.4-cli sha256:1d2cf2b7d715b5b3aa959f0150ccbcc7b71e0181b637e443abf40a7fb56bf79a
php:8.4-zts sha256:6945f3138d7076ba5567acee0399db54d4f5e39ed2548555b6ffcad3fcfeb44c
php:8.4-cli-alpine sha256:37c8c64177612b72e7f9d2c00481739c166a3708bea27c1cfd27fea1291d82d1
php:8.4-zts-alpine sha256:85e0f7b274a5b0cbdd6889332458352e801c6840f32d5bab8063b419c9581282
php:8.5-cli sha256:01a109229f4465bc9ef042d9198f09a4d9da7775a825dbd8572dcdbd8756c4d3
php:8.5-zts sha256:9a358d8de4a52ea343e77f50311342ddaae2c42ac11e3defbf364e9c4f490cb9
php:8.5-cli-alpine sha256:93684051146ec037620855feb77f278090bde45ddc030801cd3f2a7685bc4deb
php:8.5-zts-alpine sha256:1c45229fd82d57ae54104a0930fb58c635bbfe81dc156971eeaf7993bc59db32
node:22-bookworm sha256:0e5f906573693feaa1e21057ebdcfdb5bd5021f050b2dc7c9deceb629c7da2a8
node:18-bookworm sha256:c6ae79e38498325db67193d391e6ec1d224d96c693a8a4d943498556716d3783
